
Microsoft Visual Studio Solution File, Format Version 12.00
# Visual Studio Version 17
VisualStudioVersion = 17.11.35327.3
MinimumVisualStudioVersion = 10.0.40219.1
Project("{FAE04EC0-301F-11D3-BF4B-00C04F79EFBC}") = "Exception_Handling", "Exception_Handling\Exception_Handling.csproj", "{6175E70B-2EFA-4295-A8E1-E65F05AD65EB}"
EndProject
Global
	GlobalSection(SolutionConfigurationPlatforms) = preSolution
		Debug|Any CPU = Debug|Any CPU
		Release|Any CPU = Release|Any CPU
	EndGlobalSection
	GlobalSection(ProjectConfigurationPlatforms) = postSolution
		{6175E70B-2EFA-4295-A8E1-E65F05AD65EB}.Debug|Any CPU.ActiveCfg = Debug|Any CPU
		{6175E70B-2EFA-4295-A8E1-E65F05AD65EB}.Debug|Any CPU.Build.0 = Debug|Any CPU
		{6175E70B-2EFA-4295-A8E1-E65F05AD65EB}.Release|Any CPU.ActiveCfg = Release|Any CPU
		{6175E70B-2EFA-4295-A8E1-E65F05AD65EB}.Release|Any CPU.Build.0 = Release|Any CPU
	EndGlobalSection
	GlobalSection(SolutionProperties) = preSolution
		HideSolutionNode = FALSE
	EndGlobalSection
	GlobalSection(ExtensibilityGlobals) = postSolution
		SolutionGuid = {0933928F-8F1F-469B-B92E-36B1554A7AE7}
	EndGlobalSection
EndGlobal
